
Microsoft Visual Studio Solution File, Format Version 12.00
# Visual Studio Version 17
VisualStudioVersion = 17.10.34916.146
MinimumVisualStudioVersion = 10.0.40219.1
Project("{9A19103F-16F7-4668-BE54-9A1E7A4F7556}") = "OpenTelemetryDemo", "OpenTelemetryDemo\OpenTelemetryDemo.csproj", "{50D4A6A5-806B-410E-A611-22A27A6214EC}"
EndProject
Project("{E53339B2-1760-4266-BCC7-CA923CBCF16C}") = "docker-compose", "docker-compose.dcproj", "{A7292D7C-76AC-4C63-A6A4-7792A33F7173}"
EndProject
Project("{2150E333-8FDC-42A3-9474-1A3956D46DE8}") = "CollectorConfigs", "CollectorConfigs", "{0E3A4428-9E1B-417C-9174-B8EC10127F9F}"
	ProjectSection(SolutionItems) = preProject
		otel-collector-config.yaml = otel-collector-config.yaml
		otel-collector-s3-config.yaml = otel-collector-s3-config.yaml
	EndProjectSection
EndProject
Global
	GlobalSection(SolutionConfigurationPlatforms) = preSolution
		Debug|Any CPU = Debug|Any CPU
		Release|Any CPU = Release|Any CPU
	EndGlobalSection
	GlobalSection(ProjectConfigurationPlatforms) = postSolution
		{50D4A6A5-806B-410E-A611-22A27A6214EC}.Debug|Any CPU.ActiveCfg = Debug|Any CPU
		{50D4A6A5-806B-410E-A611-22A27A6214EC}.Debug|Any CPU.Build.0 = Debug|Any CPU
		{50D4A6A5-806B-410E-A611-22A27A6214EC}.Release|Any CPU.ActiveCfg = Release|Any CPU
		{50D4A6A5-806B-410E-A611-22A27A6214EC}.Release|Any CPU.Build.0 = Release|Any CPU
		{A7292D7C-76AC-4C63-A6A4-7792A33F7173}.Debug|Any CPU.ActiveCfg = Debug|Any CPU
		{A7292D7C-76AC-4C63-A6A4-7792A33F7173}.Debug|Any CPU.Build.0 = Debug|Any CPU
		{A7292D7C-76AC-4C63-A6A4-7792A33F7173}.Release|Any CPU.ActiveCfg = Release|Any CPU
		{A7292D7C-76AC-4C63-A6A4-7792A33F7173}.Release|Any CPU.Build.0 = Release|Any CPU
	EndGlobalSection
	GlobalSection(SolutionProperties) = preSolution
		HideSolutionNode = FALSE
	EndGlobalSection
	GlobalSection(ExtensibilityGlobals) = postSolution
		SolutionGuid = {F569BF89-2C6A-4347-A4E7-B884C3AAA746}
	EndGlobalSection
EndGlobal
